Microsoft Visual Studio Solution File, Format Version 12.00
# Visual Studio Version 17
VisualStudioVersion = 17.5.2.0
MinimumVisualStudioVersion = 10.0.40219.1
Project("{FAE04EC0-301F-11D3-BF4B-00C04F79EFBC}") = "CSharpSolver", "CSharpSolver.csproj", "{7F728C08-92FE-A494-FBC5-CA672E84F9D4}"
EndProject
Global
	GlobalSection(SolutionConfigurationPlatforms) = preSolution
		Debug|Any CPU = Debug|Any CPU
		Release|Any CPU = Release|Any CPU
	EndGlobalSection
	GlobalSection(ProjectConfigurationPlatforms) = postSolution
		{7F728C08-92FE-A494-FBC5-CA672E84F9D4}.Debug|Any CPU.ActiveCfg = Debug|Any CPU
		{7F728C08-92FE-A494-FBC5-CA672E84F9D4}.Debug|Any CPU.Build.0 = Debug|Any CPU
		{7F728C08-92FE-A494-FBC5-CA672E84F9D4}.Release|Any CPU.ActiveCfg = Release|Any CPU
		{7F728C08-92FE-A494-FBC5-CA672E84F9D4}.Release|Any CPU.Build.0 = Release|Any CPU
	EndGlobalSection
	GlobalSection(SolutionProperties) = preSolution
		HideSolutionNode = FALSE
	EndGlobalSection
	GlobalSection(ExtensibilityGlobals) = postSolution
		SolutionGuid = {0E1AA89D-477D-41E4-AD6C-E56C1C7043DC}
	EndGlobalSection
EndGlobal
